
Microsoft Visual Studio Solution File, Format Version 12.00
# Visual Studio Version 16
VisualStudioVersion = 16.0.29201.188
MinimumVisualStudioVersion = 10.0.40219.1
Project("{FAE04EC0-301F-11D3-BF4B-00C04F79EFBC}") = "Per2com.DataModel", "Per2com.DataModel\Per2com.DataModel.csproj", "{A49A39A2-0928-43AD-AA90-455E6599F594}"
EndProject
Project("{FAE04EC0-301F-11D3-BF4B-00C04F79EFBC}") = "Per2com.AdminWPF", "Per2com.AdminWPF\Per2com.AdminWPF.csproj", "{69CFF1B6-FBD5-4C6A-92EB-6D6A15687229}"
EndProject
Project("{FAE04EC0-301F-11D3-BF4B-00C04F79EFBC}") = "Per2com.UserWPF", "Per2com.UserWPF\Per2com.UserWPF.csproj", "{D4A2A766-1CAC-45A8-9929-77644E55FA32}"
EndProject
Global
	GlobalSection(SolutionConfigurationPlatforms) = preSolution
		Debug|Any CPU = Debug|Any CPU
		Release|Any CPU = Release|Any CPU
	EndGlobalSection
	GlobalSection(ProjectConfigurationPlatforms) = postSolution
		{A49A39A2-0928-43AD-AA90-455E6599F594}.Debug|Any CPU.ActiveCfg = Debug|Any CPU
		{A49A39A2-0928-43AD-AA90-455E6599F594}.Debug|Any CPU.Build.0 = Debug|Any CPU
		{A49A39A2-0928-43AD-AA90-455E6599F594}.Release|Any CPU.ActiveCfg = Release|Any CPU
		{A49A39A2-0928-43AD-AA90-455E6599F594}.Release|Any CPU.Build.0 = Release|Any CPU
		{69CFF1B6-FBD5-4C6A-92EB-6D6A15687229}.Debug|Any CPU.ActiveCfg = Debug|Any CPU
		{69CFF1B6-FBD5-4C6A-92EB-6D6A15687229}.Debug|Any CPU.Build.0 = Debug|Any CPU
		{69CFF1B6-FBD5-4C6A-92EB-6D6A15687229}.Release|Any CPU.ActiveCfg = Release|Any CPU
		{69CFF1B6-FBD5-4C6A-92EB-6D6A15687229}.Release|Any CPU.Build.0 = Release|Any CPU
		{D4A2A766-1CAC-45A8-9929-77644E55FA32}.Debug|Any CPU.ActiveCfg = Debug|Any CPU
		{D4A2A766-1CAC-45A8-9929-77644E55FA32}.Debug|Any CPU.Build.0 = Debug|Any CPU
		{D4A2A766-1CAC-45A8-9929-77644E55FA32}.Release|Any CPU.ActiveCfg = Release|Any CPU
		{D4A2A766-1CAC-45A8-9929-77644E55FA32}.Release|Any CPU.Build.0 = Release|Any CPU
	EndGlobalSection
	GlobalSection(SolutionProperties) = preSolution
		HideSolutionNode = FALSE
	EndGlobalSection
	GlobalSection(ExtensibilityGlobals) = postSolution
		SolutionGuid = {EEA98D73-C0A2-4642-8726-FA9108E05CE1}
	EndGlobalSection
EndGlobal
